
Microsoft Visual Studio Solution File, Format Version 12.00
# Visual Studio 2013
VisualStudioVersion = 12.0.30110.0
MinimumVisualStudioVersion = 10.0.40219.1
Project("{FAE04EC0-301F-11D3-BF4B-00C04F79EFBC}") = "WatchDog.WpfApp", "WatchDog.WpfApp\WatchDog.WpfApp.csproj", "{CC1D6AB9-C6C3-4DA4-A799-467FE074927D}"
EndProject
Project("{FAE04EC0-301F-11D3-BF4B-00C04F79EFBC}") = "WatchDog.Visors", "WatchDog.Visors\WatchDog.Visors.csproj", "{C53D0BBE-BBC4-4333-A490-908A533E3C83}"
EndProject
Project("{FAE04EC0-301F-11D3-BF4B-00C04F79EFBC}") = "WatchDog.W8Demo", "WatchDog.W8Demo\WatchDog.W8Demo.csproj", "{0BA9E833-2657-457F-853D-25B08FC211A3}"
EndProject
Project("{FAE04EC0-301F-11D3-BF4B-00C04F79EFBC}") = "SignalRWeb", "WatchDog.SignalRWeb\SignalRWeb.csproj", "{CE79BC15-D557-4771-8FB5-E6B1AA545CE6}"
EndProject
Global
	GlobalSection(SolutionConfigurationPlatforms) = preSolution
		Debug|Any CPU = Debug|Any CPU
		Debug|ARM = Debug|ARM
		Debug|x64 = Debug|x64
		Debug|x86 = Debug|x86
		Release|Any CPU = Release|Any CPU
		Release|ARM = Release|ARM
		Release|x64 = Release|x64
		Release|x86 = Release|x86
	EndGlobalSection
	GlobalSection(ProjectConfigurationPlatforms) = postSolution
		{CC1D6AB9-C6C3-4DA4-A799-467FE074927D}.Debug|Any CPU.ActiveCfg = Debug|Any CPU
		{CC1D6AB9-C6C3-4DA4-A799-467FE074927D}.Debug|Any CPU.Build.0 = Debug|Any CPU
		{CC1D6AB9-C6C3-4DA4-A799-467FE074927D}.Debug|ARM.ActiveCfg = Debug|Any CPU
		{CC1D6AB9-C6C3-4DA4-A799-467FE074927D}.Debug|x64.ActiveCfg = Debug|Any CPU
		{CC1D6AB9-C6C3-4DA4-A799-467FE074927D}.Debug|x86.ActiveCfg = Debug|Any CPU
		{CC1D6AB9-C6C3-4DA4-A799-467FE074927D}.Release|Any CPU.ActiveCfg = Release|Any CPU
		{CC1D6AB9-C6C3-4DA4-A799-467FE074927D}.Release|Any CPU.Build.0 = Release|Any CPU
		{CC1D6AB9-C6C3-4DA4-A799-467FE074927D}.Release|ARM.ActiveCfg = Release|Any CPU
		{CC1D6AB9-C6C3-4DA4-A799-467FE074927D}.Release|x64.ActiveCfg = Release|Any CPU
		{CC1D6AB9-C6C3-4DA4-A799-467FE074927D}.Release|x86.ActiveCfg = Release|Any CPU
		{C53D0BBE-BBC4-4333-A490-908A533E3C83}.Debug|Any CPU.ActiveCfg = Debug|Any CPU
		{C53D0BBE-BBC4-4333-A490-908A533E3C83}.Debug|Any CPU.Build.0 = Debug|Any CPU
		{C53D0BBE-BBC4-4333-A490-908A533E3C83}.Debug|ARM.ActiveCfg = Debug|Any CPU
		{C53D0BBE-BBC4-4333-A490-908A533E3C83}.Debug|x64.ActiveCfg = Debug|Any CPU
		{C53D0BBE-BBC4-4333-A490-908A533E3C83}.Debug|x86.ActiveCfg = Debug|Any CPU
		{C53D0BBE-BBC4-4333-A490-908A533E3C83}.Release|Any CPU.ActiveCfg = Release|Any CPU
		{C53D0BBE-BBC4-4333-A490-908A533E3C83}.Release|Any CPU.Build.0 = Release|Any CPU
		{C53D0BBE-BBC4-4333-A490-908A533E3C83}.Release|ARM.ActiveCfg = Release|Any CPU
		{C53D0BBE-BBC4-4333-A490-908A533E3C83}.Release|x64.ActiveCfg = Release|Any CPU
		{C53D0BBE-BBC4-4333-A490-908A533E3C83}.Release|x86.ActiveCfg = Release|Any CPU
		{0BA9E833-2657-457F-853D-25B08FC211A3}.Debug|Any CPU.ActiveCfg = Debug|Any CPU
		{0BA9E833-2657-457F-853D-25B08FC211A3}.Debug|Any CPU.Build.0 = Debug|Any CPU
		{0BA9E833-2657-457F-853D-25B08FC211A3}.Debug|Any CPU.Deploy.0 = Debug|Any CPU
		{0BA9E833-2657-457F-853D-25B08FC211A3}.Debug|ARM.ActiveCfg = Debug|ARM
		{0BA9E833-2657-457F-853D-25B08FC211A3}.Debug|ARM.Build.0 = Debug|ARM
		{0BA9E833-2657-457F-853D-25B08FC211A3}.Debug|ARM.Deploy.0 = Debug|ARM
		{0BA9E833-2657-457F-853D-25B08FC211A3}.Debug|x64.ActiveCfg = Debug|x64
		{0BA9E833-2657-457F-853D-25B08FC211A3}.Debug|x64.Build.0 = Debug|x64
		{0BA9E833-2657-457F-853D-25B08FC211A3}.Debug|x64.Deploy.0 = Debug|x64
		{0BA9E833-2657-457F-853D-25B08FC211A3}.Debug|x86.ActiveCfg = Debug|x86
		{0BA9E833-2657-457F-853D-25B08FC211A3}.Debug|x86.Build.0 = Debug|x86
		{0BA9E833-2657-457F-853D-25B08FC211A3}.Debug|x86.Deploy.0 = Debug|x86
		{0BA9E833-2657-457F-853D-25B08FC211A3}.Release|Any CPU.ActiveCfg = Release|Any CPU
		{0BA9E833-2657-457F-853D-25B08FC211A3}.Release|Any CPU.Build.0 = Release|Any CPU
		{0BA9E833-2657-457F-853D-25B08FC211A3}.Release|Any CPU.Deploy.0 = Release|Any CPU
		{0BA9E833-2657-457F-853D-25B08FC211A3}.Release|ARM.ActiveCfg = Release|ARM
		{0BA9E833-2657-457F-853D-25B08FC211A3}.Release|ARM.Build.0 = Release|ARM
		{0BA9E833-2657-457F-853D-25B08FC211A3}.Release|ARM.Deploy.0 = Release|ARM
		{0BA9E833-2657-457F-853D-25B08FC211A3}.Release|x64.ActiveCfg = Release|x64
		{0BA9E833-2657-457F-853D-25B08FC211A3}.Release|x64.Build.0 = Release|x64
		{0BA9E833-2657-457F-853D-25B08FC211A3}.Release|x64.Deploy.0 = Release|x64
		{0BA9E833-2657-457F-853D-25B08FC211A3}.Release|x86.ActiveCfg = Release|x86
		{0BA9E833-2657-457F-853D-25B08FC211A3}.Release|x86.Build.0 = Release|x86
		{0BA9E833-2657-457F-853D-25B08FC211A3}.Release|x86.Deploy.0 = Release|x86
		{CE79BC15-D557-4771-8FB5-E6B1AA545CE6}.Debug|Any CPU.ActiveCfg = Debug|Any CPU
		{CE79BC15-D557-4771-8FB5-E6B1AA545CE6}.Debug|Any CPU.Build.0 = Debug|Any CPU
		{CE79BC15-D557-4771-8FB5-E6B1AA545CE6}.Debug|ARM.ActiveCfg = Debug|Any CPU
		{CE79BC15-D557-4771-8FB5-E6B1AA545CE6}.Debug|x64.ActiveCfg = Debug|Any CPU
		{CE79BC15-D557-4771-8FB5-E6B1AA545CE6}.Debug|x86.ActiveCfg = Debug|Any CPU
		{CE79BC15-D557-4771-8FB5-E6B1AA545CE6}.Release|Any CPU.ActiveCfg = Release|Any CPU
		{CE79BC15-D557-4771-8FB5-E6B1AA545CE6}.Release|Any CPU.Build.0 = Release|Any CPU
		{CE79BC15-D557-4771-8FB5-E6B1AA545CE6}.Release|ARM.ActiveCfg = Release|Any CPU
		{CE79BC15-D557-4771-8FB5-E6B1AA545CE6}.Release|x64.ActiveCfg = Release|Any CPU
		{CE79BC15-D557-4771-8FB5-E6B1AA545CE6}.Release|x86.ActiveCfg = Release|Any CPU
	EndGlobalSection
	GlobalSection(SolutionProperties) = preSolution
		HideSolutionNode = FALSE
	EndGlobalSection
EndGlobal
